// !$*UTF8*$!
{
	archiveVersion = 1;
	classes = {
	};
	objectVersion = 46;
	objects = {

/* Begin PBXBuildFile section */
		CA1015DF1DE0E9490034734D /* RMImageActionTests.m in Sources */ = {isa = PBXBuildFile; fileRef = CA1015DE1DE0E9490034734D /* RMImageActionTests.m */; };
		CA1015E11DE0EA8D0034734D /* RMScrollableGroupedActionTests.m in Sources */ = {isa = PBXBuildFile; fileRef = CA1015E01DE0EA8D0034734D /* RMScrollableGroupedActionTests.m */; };
		CA1373CC1DE0CE89002BFD04 /* RMAction.h in Headers */ = {isa = PBXBuildFile; fileRef = CA1373C81DE0CE89002BFD04 /* RMAction.h */; settings = {ATTRIBUTES = (Public, ); }; };
		CA1373CD1DE0CE89002BFD04 /* RMAction.m in Sources */ = {isa = PBXBuildFile; fileRef = CA1373C91DE0CE89002BFD04 /* RMAction.m */; };
		CA1373CE1DE0CE89002BFD04 /* RMImageAction.h in Headers */ = {isa = PBXBuildFile; fileRef = CA1373CA1DE0CE89002BFD04 /* RMImageAction.h */; settings = {ATTRIBUTES = (Public, ); }; };
		CA1373CF1DE0CE89002BFD04 /* RMImageAction.m in Sources */ = {isa = PBXBuildFile; fileRef = CA1373CB1DE0CE89002BFD04 /* RMImageAction.m */; };
		CA1373D41DE0CE90002BFD04 /* RMGroupedAction.h in Headers */ = {isa = PBXBuildFile; fileRef = CA1373D01DE0CE90002BFD04 /* RMGroupedAction.h */; settings = {ATTRIBUTES = (Public, ); }; };
		CA1373D51DE0CE90002BFD04 /* RMGroupedAction.m in Sources */ = {isa = PBXBuildFile; fileRef = CA1373D11DE0CE90002BFD04 /* RMGroupedAction.m */; };
		CA1373D61DE0CE90002BFD04 /* RMScrollableGroupedAction.h in Headers */ = {isa = PBXBuildFile; fileRef = CA1373D21DE0CE90002BFD04 /* RMScrollableGroupedAction.h */; settings = {ATTRIBUTES = (Public, ); }; };
		CA1373D71DE0CE90002BFD04 /* RMScrollableGroupedAction.m in Sources */ = {isa = PBXBuildFile; fileRef = CA1373D31DE0CE90002BFD04 /* RMScrollableGroupedAction.m */; };
		CA1373E21DE0D5A7002BFD04 /* UIView+RMActionController.m in Sources */ = {isa = PBXBuildFile; fileRef = CA1373E01DE0D5A7002BFD04 /* UIView+RMActionController.m */; };
		CA1373E61DE0D7AB002BFD04 /* NSProcessInfo+RMActionController.m in Sources */ = {isa = PBXBuildFile; fileRef = CA1373E41DE0D7AB002BFD04 /* NSProcessInfo+RMActionController.m */; };
		CA1373ED1DE0D8F8002BFD04 /* RMActionControllerTransition.m in Sources */ = {isa = PBXBuildFile; fileRef = CA1373EB1DE0D8F8002BFD04 /* RMActionControllerTransition.m */; };
		CA3FDCAB1B35E1B200590165 /* RMActionTests.m in Sources */ = {isa = PBXBuildFile; fileRef = CA3FDCA61B35E1B200590165 /* RMActionTests.m */; };
		CA3FDCAC1B35E1B200590165 /* RMGroupedActionTests.m in Sources */ = {isa = PBXBuildFile; fileRef = CA3FDCA71B35E1B200590165 /* RMGroupedActionTests.m */; };
		CA3FDCAD1B35E1B200590165 /* RMCustomViewActionControllerTests.m in Sources */ = {isa = PBXBuildFile; fileRef = CA3FDCA81B35E1B200590165 /* RMCustomViewActionControllerTests.m */; };
		CA3FDCAE1B35E1B200590165 /* RMActionControllerTests.m in Sources */ = {isa = PBXBuildFile; fileRef = CA3FDCA91B35E1B200590165 /* RMActionControllerTests.m */; };
		CA3FDCAF1B35E1B200590165 /* RMMapActionControllerTests.m in Sources */ = {isa = PBXBuildFile; fileRef = CA3FDCAA1B35E1B200590165 /* RMMapActionControllerTests.m */; };
		CA55C79C1B35E996009CF003 /* RMActionControllerPresentationTests.m in Sources */ = {isa = PBXBuildFile; fileRef = CA55C79B1B35E996009CF003 /* RMActionControllerPresentationTests.m */; };
		CA5EFC2C1D8EAC5A0020C8A8 /* RMActionController.h in Headers */ = {isa = PBXBuildFile; fileRef = CA5EFC2A1D8EAC5A0020C8A8 /* RMActionController.h */; settings = {ATTRIBUTES = (Public, ); }; };
		CA5EFC2F1D8EAC5A0020C8A8 /* RMActionController.framework in Frameworks */ = {isa = PBXBuildFile; fileRef = CA5EFC281D8EAC5A0020C8A8 /* RMActionController.framework */; };
		CA5EFC301D8EAC5A0020C8A8 /* RMActionController.framework in Embed Frameworks */ = {isa = PBXBuildFile; fileRef = CA5EFC281D8EAC5A0020C8A8 /* RMActionController.framework */; settings = {ATTRIBUTES = (CodeSignOnCopy, RemoveHeadersOnCopy, ); }; };
		CA5EFC361D8EAC780020C8A8 /* RMActionController.m in Sources */ = {isa = PBXBuildFile; fileRef = CA5EFC351D8EAC780020C8A8 /* RMActionController.m */; };
		CA7ACAD01D8EB231006A339E /* RMActionController.framework in Frameworks */ = {isa = PBXBuildFile; fileRef = CA5EFC281D8EAC5A0020C8A8 /* RMActionController.framework */; };
		CA7ACAD41D8EB286006A339E /* RMActionController.framework in Embed Frameworks */ = {isa = PBXBuildFile; fileRef = CA5EFC281D8EAC5A0020C8A8 /* RMActionController.framework */; settings = {ATTRIBUTES = (CodeSignOnCopy, RemoveHeadersOnCopy, ); }; };
		CA8763701B088DDA00885A0B /* RMCustomViewActionController.m in Sources */ = {isa = PBXBuildFile; fileRef = CA87636F1B088DDA00885A0B /* RMCustomViewActionController.m */; };
		CAD311A71B01507300D905F7 /* main.m in Sources */ = {isa = PBXBuildFile; fileRef = CAD311A61B01507300D905F7 /* main.m */; };
		CAD311AA1B01507300D905F7 /* RMAppDelegate.m in Sources */ = {isa = PBXBuildFile; fileRef = CAD311A91B01507300D905F7 /* RMAppDelegate.m */; };
		CAD311B31B01507400D905F7 /* Main.storyboard in Resources */ = {isa = PBXBuildFile; fileRef = CAD311B11B01507400D905F7 /* Main.storyboard */; };
		CAD311B51B01507400D905F7 /* Images.xcassets in Resources */ = {isa = PBXBuildFile; fileRef = CAD311B41B01507400D905F7 /* Images.xcassets */; };
		CAD311B81B01507400D905F7 /* LaunchScreen.xib in Resources */ = {isa = PBXBuildFile; fileRef = CAD311B61B01507400D905F7 /* LaunchScreen.xib */; };
		CAD311CF1B01511500D905F7 /* RMViewController.m in Sources */ = {isa = PBXBuildFile; fileRef = CAD311CE1B01511500D905F7 /* RMViewController.m */; };
		CAD311D21B01512600D905F7 /* RMMapActionController.m in Sources */ = {isa = PBXBuildFile; fileRef = CAD311D11B01512600D905F7 /* RMMapActionController.m */; };
		CAD311E31B01517800D905F7 /* MainInterface.storyboard in Resources */ = {isa = PBXBuildFile; fileRef = CAD311E21B01517800D905F7 /* MainInterface.storyboard */; };
		CAD311E61B01517800D905F7 /* RMActionController-DemoExtension.appex in Embed App Extensions */ = {isa = PBXBuildFile; fileRef = CAD311DB1B01517800D905F7 /* RMActionController-DemoExtension.appex */; settings = {ATTRIBUTES = (RemoveHeadersOnCopy, ); }; };
		CAD311EC1B0151DB00D905F7 /* RMMapActionController.m in Sources */ = {isa = PBXBuildFile; fileRef = CAD311D11B01512600D905F7 /* RMMapActionController.m */; };
		CAE78B091B850F5600CBB165 /* AppDelegate.swift in Sources */ = {isa = PBXBuildFile; fileRef = CAE78B081B850F5600CBB165 /* AppDelegate.swift */; };
		CAE78B0B1B850F5600CBB165 /* ViewController.swift in Sources */ = {isa = PBXBuildFile; fileRef = CAE78B0A1B850F5600CBB165 /* ViewController.swift */; };
		CAE78B101B850F5600CBB165 /* Main.storyboard in Resources */ = {isa = PBXBuildFile; fileRef = CAE78B0E1B850F5600CBB165 /* Main.storyboard */; };
		CAE78B121B850F5600CBB165 /* Images.xcassets in Resources */ = {isa = PBXBuildFile; fileRef = CAE78B111B850F5600CBB165 /* Images.xcassets */; };
		CAE78B151B850F5600CBB165 /* LaunchScreen.xib in Resources */ = {isa = PBXBuildFile; fileRef = CAE78B131B850F5600CBB165 /* LaunchScreen.xib */; };
		CAE78B2A1B85107800CBB165 /* CustomViewActionController.swift in Sources */ = {isa = PBXBuildFile; fileRef = CAE78B291B85107800CBB165 /* CustomViewActionController.swift */; };
		CAE78B2C1B85108E00CBB165 /* MapActionController.swift in Sources */ = {isa = PBXBuildFile; fileRef = CAE78B2B1B85108E00CBB165 /* MapActionController.swift */; };
/* End PBXBuildFile section */

/* Begin PBXContainerItemProxy section */
		CA3FDCA11B35E1A800590165 /* PBXContainerItemProxy */ = {
			isa = PBXContainerItemProxy;
			containerPortal = CAD311991B01507300D905F7 /* Project object */;
			proxyType = 1;
			remoteGlobalIDString = CAD311A01B01507300D905F7;
			remoteInfo = "RMActionController-Demo";
		};
		CA55C7961B35E98E009CF003 /* PBXContainerItemProxy */ = {
			isa = PBXContainerItemProxy;
			containerPortal = CAD311991B01507300D905F7 /* Project object */;
			proxyType = 1;
			remoteGlobalIDString = CAD311A01B01507300D905F7;
			remoteInfo = "RMActionController-Demo";
		};
		CA5EFC2D1D8EAC5A0020C8A8 /* PBXContainerItemProxy */ = {
			isa = PBXContainerItemProxy;
			containerPortal = CAD311991B01507300D905F7 /* Project object */;
			proxyType = 1;
			remoteGlobalIDString = CA5EFC271D8EAC5A0020C8A8;
			remoteInfo = RMActionController;
		};
		CA5EFC371D8EAC8C0020C8A8 /* PBXContainerItemProxy */ = {
			isa = PBXContainerItemProxy;
			containerPortal = CAD311991B01507300D905F7 /* Project object */;
			proxyType = 1;
			remoteGlobalIDString = CA5EFC271D8EAC5A0020C8A8;
			remoteInfo = RMActionController;
		};
		CA7ACACC1D8EB215006A339E /* PBXContainerItemProxy */ = {
			isa = PBXContainerItemProxy;
			containerPortal = CAD311991B01507300D905F7 /* Project object */;
			proxyType = 1;
			remoteGlobalIDString = CA5EFC271D8EAC5A0020C8A8;
			remoteInfo = RMActionController;
		};
		CAD311E41B01517800D905F7 /* PBXContainerItemProxy */ = {
			isa = PBXContainerItemProxy;
			containerPortal = CAD311991B01507300D905F7 /* Project object */;
			proxyType = 1;
			remoteGlobalIDString = CAD311DA1B01517800D905F7;
			remoteInfo = "RMActionViewController-DemoExtension";
		};
/* End PBXContainerItemProxy section */

/* Begin PBXCopyFilesBuildPhase section */
		CA5EFC341D8EAC5A0020C8A8 /* Embed Frameworks */ = {
			isa = PBXCopyFilesBuildPhase;
			buildActionMask = 2147483647;
			dstPath = "";
			dstSubfolderSpec = 10;
			files = (
				CA5EFC301D8EAC5A0020C8A8 /* RMActionController.framework in Embed Frameworks */,
			);
			name = "Embed Frameworks";
			runOnlyForDeploymentPostprocessing = 0;
		};
		CA7ACAD31D8EB275006A339E /* Embed Frameworks */ = {
			isa = PBXCopyFilesBuildPhase;
			buildActionMask = 2147483647;
			dstPath = "";
			dstSubfolderSpec = 10;
			files = (
				CA7ACAD41D8EB286006A339E /* RMActionController.framework in Embed Frameworks */,
			);
			name = "Embed Frameworks";
			runOnlyForDeploymentPostprocessing = 0;
		};
		CAD311EA1B01517800D905F7 /* Embed App Extensions */ = {
			isa = PBXCopyFilesBuildPhase;
			buildActionMask = 2147483647;
			dstPath = "";
			dstSubfolderSpec = 13;
			files = (
				CAD311E61B01517800D905F7 /* RMActionController-DemoExtension.appex in Embed App Extensions */,
			);
			name = "Embed App Extensions";
			runOnlyForDeploymentPostprocessing = 0;
		};
/* End PBXCopyFilesBuildPhase section */

/* Begin PBXFileReference section */
		CA1015D81DE0E5080034734D /* RMActionController+Private.h */ = {isa = PBXFileReference; fileEncoding = 4; lastKnownFileType = sourcecode.c.h; path = "RMActionController+Private.h"; sourceTree = "<group>"; };
		CA1015DB1DE0E5340034734D /* RMAction+Private.h */ = {isa = PBXFileReference; fileEncoding = 4; lastKnownFileType = sourcecode.c.h; path = "RMAction+Private.h"; sourceTree = "<group>"; };
		CA1015DE1DE0E9490034734D /* RMImageActionTests.m */ = {isa = PBXFileReference; fileEncoding = 4; lastKnownFileType = sourcecode.c.objc; path = RMImageActionTests.m; sourceTree = "<group>"; };
		CA1015E01DE0EA8D0034734D /* RMScrollableGroupedActionTests.m */ = {isa = PBXFileReference; fileEncoding = 4; lastKnownFileType = sourcecode.c.objc; path = RMScrollableGroupedActionTests.m; sourceTree = "<group>"; };
		CA1373C81DE0CE89002BFD04 /* RMAction.h */ = {isa = PBXFileReference; fileEncoding = 4; lastKnownFileType = sourcecode.c.h; path = RMAction.h; sourceTree = "<group>"; };
		CA1373C91DE0CE89002BFD04 /* RMAction.m */ = {isa = PBXFileReference; fileEncoding = 4; lastKnownFileType = sourcecode.c.objc; path = RMAction.m; sourceTree = "<group>"; };
		CA1373CA1DE0CE89002BFD04 /* RMImageAction.h */ = {isa = PBXFileReference; fileEncoding = 4; lastKnownFileType = sourcecode.c.h; path = RMImageAction.h; sourceTree = "<group>"; };
		CA1373CB1DE0CE89002BFD04 /* RMImageAction.m */ = {isa = PBXFileReference; fileEncoding = 4; lastKnownFileType = sourcecode.c.objc; path = RMImageAction.m; sourceTree = "<group>"; };
		CA1373D01DE0CE90002BFD04 /* RMGroupedAction.h */ = {isa = PBXFileReference; fileEncoding = 4; lastKnownFileType = sourcecode.c.h; path = RMGroupedAction.h; sourceTree = "<group>"; };
		CA1373D11DE0CE90002BFD04 /* RMGroupedAction.m */ = {isa = PBXFileReference; fileEncoding = 4; lastKnownFileType = sourcecode.c.objc; path = RMGroupedAction.m; sourceTree = "<group>"; };
		CA1373D21DE0CE90002BFD04 /* RMScrollableGroupedAction.h */ = {isa = PBXFileReference; fileEncoding = 4; lastKnownFileType = sourcecode.c.h; path = RMScrollableGroupedAction.h; sourceTree = "<group>"; };
		CA1373D31DE0CE90002BFD04 /* RMScrollableGroupedAction.m */ = {isa = PBXFileReference; fileEncoding = 4; lastKnownFileType = sourcecode.c.objc; path = RMScrollableGroupedAction.m; sourceTree = "<group>"; };
		CA1373DD1DE0D30E002BFD04 /* RMAction+Private.h */ = {isa = PBXFileReference; lastKnownFileType = sourcecode.c.h; path = "RMAction+Private.h"; sourceTree = "<group>"; };
		CA1373DE1DE0D50F002BFD04 /* RMActionController+Private.h */ = {isa = PBXFileReference; lastKnownFileType = sourcecode.c.h; path = "RMActionController+Private.h"; sourceTree = "<group>"; };
		CA1373DF1DE0D5A7002BFD04 /* UIView+RMActionController.h */ = {isa = PBXFileReference; fileEncoding = 4; lastKnownFileType = sourcecode.c.h; path = "UIView+RMActionController.h"; sourceTree = "<group>"; };
		CA1373E01DE0D5A7002BFD04 /* UIView+RMActionController.m */ = {isa = PBXFileReference; fileEncoding = 4; lastKnownFileType = sourcecode.c.objc; path = "UIView+RMActionController.m"; sourceTree = "<group>"; };
		CA1373E31DE0D7AB002BFD04 /* NSProcessInfo+RMActionController.h */ = {isa = PBXFileReference; fileEncoding = 4; lastKnownFileType = sourcecode.c.h; path = "NSProcessInfo+RMActionController.h"; sourceTree = "<group>"; };
		CA1373E41DE0D7AB002BFD04 /* NSProcessInfo+RMActionController.m */ = {isa = PBXFileReference; fileEncoding = 4; lastKnownFileType = sourcecode.c.objc; path = "NSProcessInfo+RMActionController.m"; sourceTree = "<group>"; };
		CA1373EA1DE0D8F8002BFD04 /* RMActionControllerTransition.h */ = {isa = PBXFileReference; fileEncoding = 4; lastKnownFileType = sourcecode.c.h; path = RMActionControllerTransition.h; sourceTree = "<group>"; };
		CA1373EB1DE0D8F8002BFD04 /* RMActionControllerTransition.m */ = {isa = PBXFileReference; fileEncoding = 4; lastKnownFileType = sourcecode.c.objc; path = RMActionControllerTransition.m; sourceTree = "<group>"; };
		CA3FDC9B1B35E1A700590165 /* RMActionController-Demo-Tests.xctest */ = {isa = PBXFileReference; explicitFileType = wrapper.cfbundle; includeInIndex = 0; path = "RMActionController-Demo-Tests.xctest"; sourceTree = BUILT_PRODUCTS_DIR; };
		CA3FDC9E1B35E1A700590165 /* Info.plist */ = {isa = PBXFileReference; lastKnownFileType = text.plist.xml; path = Info.plist; sourceTree = "<group>"; };
		CA3FDCA61B35E1B200590165 /* RMActionTests.m */ = {isa = PBXFileReference; fileEncoding = 4; lastKnownFileType = sourcecode.c.objc; path = RMActionTests.m; sourceTree = "<group>"; };
		CA3FDCA71B35E1B200590165 /* RMGroupedActionTests.m */ = {isa = PBXFileReference; fileEncoding = 4; lastKnownFileType = sourcecode.c.objc; path = RMGroupedActionTests.m; sourceTree = "<group>"; };
		CA3FDCA81B35E1B200590165 /* RMCustomViewActionControllerTests.m */ = {isa = PBXFileReference; fileEncoding = 4; lastKnownFileType = sourcecode.c.objc; path = RMCustomViewActionControllerTests.m; sourceTree = "<group>"; };
		CA3FDCA91B35E1B200590165 /* RMActionControllerTests.m */ = {isa = PBXFileReference; fileEncoding = 4; lastKnownFileType = sourcecode.c.objc; path = RMActionControllerTests.m; sourceTree = "<group>"; };
		CA3FDCAA1B35E1B200590165 /* RMMapActionControllerTests.m */ = {isa = PBXFileReference; fileEncoding = 4; lastKnownFileType = sourcecode.c.objc; path = RMMapActionControllerTests.m; sourceTree = "<group>"; };
		CA55C7911B35E98E009CF003 /* RMActionController-Demo-UITests.xctest */ = {isa = PBXFileReference; explicitFileType = wrapper.cfbundle; includeInIndex = 0; path = "RMActionController-Demo-UITests.xctest"; sourceTree = BUILT_PRODUCTS_DIR; };
		CA55C7951B35E98E009CF003 /* Info.plist */ = {isa = PBXFileReference; lastKnownFileType = text.plist.xml; path = Info.plist; sourceTree = "<group>"; };
		CA55C79B1B35E996009CF003 /* RMActionControllerPresentationTests.m */ = {isa = PBXFileReference; fileEncoding = 4; lastKnownFileType = sourcecode.c.objc; path = RMActionControllerPresentationTests.m; sourceTree = "<group>"; };
		CA5EFC281D8EAC5A0020C8A8 /* RMActionController.framework */ = {isa = PBXFileReference; explicitFileType = wrapper.framework; includeInIndex = 0; path = RMActionController.framework; sourceTree = BUILT_PRODUCTS_DIR; };
		CA5EFC2A1D8EAC5A0020C8A8 /* RMActionController.h */ = {isa = PBXFileReference; lastKnownFileType = sourcecode.c.h; path = RMActionController.h; sourceTree = "<group>"; };
		CA5EFC2B1D8EAC5A0020C8A8 /* Info.plist */ = {isa = PBXFileReference; lastKnownFileType = text.plist.xml; path = Info.plist; sourceTree = "<group>"; };
		CA5EFC351D8EAC780020C8A8 /* RMActionController.m */ = {isa = PBXFileReference; fileEncoding = 4; lastKnownFileType = sourcecode.c.objc; path = RMActionController.m; sourceTree = "<group>"; };
		CA87636E1B088DDA00885A0B /* RMCustomViewActionController.h */ = {isa = PBXFileReference; fileEncoding = 4; lastKnownFileType = sourcecode.c.h; path = RMCustomViewActionController.h; sourceTree = "<group>"; };
		CA87636F1B088DDA00885A0B /* RMCustomViewActionController.m */ = {isa = PBXFileReference; fileEncoding = 4; lastKnownFileType = sourcecode.c.objc; path = RMCustomViewActionController.m; sourceTree = "<group>"; };
		CAD311A11B01507300D905F7 /* RMActionController-Demo.app */ = {isa = PBXFileReference; explicitFileType = wrapper.application; includeInIndex = 0; path = "RMActionController-Demo.app"; sourceTree = BUILT_PRODUCTS_DIR; };
		CAD311A51B01507300D905F7 /* Info.plist */ = {isa = PBXFileReference; lastKnownFileType = text.plist.xml; path = Info.plist; sourceTree = "<group>"; };
		CAD311A61B01507300D905F7 /* main.m */ = {isa = PBXFileReference; lastKnownFileType = sourcecode.c.objc; path = main.m; sourceTree = "<group>"; };
		CAD311A81B01507300D905F7 /* RMAppDelegate.h */ = {isa = PBXFileReference; lastKnownFileType = sourcecode.c.h; path = RMAppDelegate.h; sourceTree = "<group>"; };
		CAD311A91B01507300D905F7 /* RMAppDelegate.m */ = {isa = PBXFileReference; lastKnownFileType = sourcecode.c.objc; path = RMAppDelegate.m; sourceTree = "<group>"; };
		CAD311B21B01507400D905F7 /* Base */ = {isa = PBXFileReference; lastKnownFileType = file.storyboard; name = Base; path = Base.lproj/Main.storyboard; sourceTree = "<group>"; };
		CAD311B41B01507400D905F7 /* Images.xcassets */ = {isa = PBXFileReference; lastKnownFileType = folder.assetcatalog; path = Images.xcassets; sourceTree = "<group>"; };
		CAD311B71B01507400D905F7 /* Base */ = {isa = PBXFileReference; lastKnownFileType = file.xib; name = Base; path = Base.lproj/LaunchScreen.xib; sourceTree = "<group>"; };
		CAD311CD1B01511500D905F7 /* RMViewController.h */ = {isa = PBXFileReference; fileEncoding = 4; lastKnownFileType = sourcecode.c.h; path = RMViewController.h; sourceTree = "<group>"; };
		CAD311CE1B01511500D905F7 /* RMViewController.m */ = {isa = PBXFileReference; fileEncoding = 4; lastKnownFileType = sourcecode.c.objc; path = RMViewController.m; sourceTree = "<group>"; };
		CAD311D01B01512600D905F7 /* RMMapActionController.h */ = {isa = PBXFileReference; fileEncoding = 4; lastKnownFileType = sourcecode.c.h; path = RMMapActionController.h; sourceTree = "<group>"; };
		CAD311D11B01512600D905F7 /* RMMapActionController.m */ = {isa = PBXFileReference; fileEncoding = 4; lastKnownFileType = sourcecode.c.objc; path = RMMapActionController.m; sourceTree = "<group>"; };
		CAD311DB1B01517800D905F7 /* RMActionController-DemoExtension.appex */ = {isa = PBXFileReference; explicitFileType = "wrapper.app-extension"; includeInIndex = 0; path = "RMActionController-DemoExtension.appex"; sourceTree = BUILT_PRODUCTS_DIR; };
		CAD311DE1B01517800D905F7 /* Info.plist */ = {isa = PBXFileReference; lastKnownFileType = text.plist.xml; path = Info.plist; sourceTree = "<group>"; };
		CAD311E21B01517800D905F7 /* MainInterface.storyboard */ = {isa = PBXFileReference; lastKnownFileType = file.storyboard; path = MainInterface.storyboard; sourceTree = "<group>"; };
		CAE78B041B850F5600CBB165 /* RMActionController-SwiftDemo.app */ = {isa = PBXFileReference; explicitFileType = wrapper.application; includeInIndex = 0; path = "RMActionController-SwiftDemo.app"; sourceTree = BUILT_PRODUCTS_DIR; };
		CAE78B071B850F5600CBB165 /* Info.plist */ = {isa = PBXFileReference; lastKnownFileType = text.plist.xml; path = Info.plist; sourceTree = "<group>"; };
		CAE78B081B850F5600CBB165 /* AppDelegate.swift */ = {isa = PBXFileReference; lastKnownFileType = sourcecode.swift; path = AppDelegate.swift; sourceTree = "<group>"; };
		CAE78B0A1B850F5600CBB165 /* ViewController.swift */ = {isa = PBXFileReference; lastKnownFileType = sourcecode.swift; path = ViewController.swift; sourceTree = "<group>"; };
		CAE78B0F1B850F5600CBB165 /* Base */ = {isa = PBXFileReference; lastKnownFileType = file.storyboard; name = Base; path = Base.lproj/Main.storyboard; sourceTree = "<group>"; };
		CAE78B111B850F5600CBB165 /* Images.xcassets */ = {isa = PBXFileReference; lastKnownFileType = folder.assetcatalog; path = Images.xcassets; sourceTree = "<group>"; };
		CAE78B141B850F5600CBB165 /* Base */ = {isa = PBXFileReference; lastKnownFileType = file.xib; name = Base; path = Base.lproj/LaunchScreen.xib; sourceTree = "<group>"; };
		CAE78B291B85107800CBB165 /* CustomViewActionController.swift */ = {isa = PBXFileReference; fileEncoding = 4; lastKnownFileType = sourcecode.swift; path = CustomViewActionController.swift; sourceTree = "<group>"; };
		CAE78B2B1B85108E00CBB165 /* MapActionController.swift */ = {isa = PBXFileReference; fileEncoding = 4; lastKnownFileType = sourcecode.swift; path = MapActionController.swift; sourceTree = "<group>"; };
/* End PBXFileReference section */

/* Begin PBXFrameworksBuildPhase section */
		CA3FDC981B35E1A700590165 /* Frameworks */ = {
			isa = PBXFrameworksBuildPhase;
			buildActionMask = 2147483647;
			files = (
			);
			runOnlyForDeploymentPostprocessing = 0;
		};
		CA55C78E1B35E98E009CF003 /* Frameworks */ = {
			isa = PBXFrameworksBuildPhase;
			buildActionMask = 2147483647;
			files = (
			);
			runOnlyForDeploymentPostprocessing = 0;
		};
		CA5EFC241D8EAC5A0020C8A8 /* Frameworks */ = {
			isa = PBXFrameworksBuildPhase;
			buildActionMask = 2147483647;
			files = (
			);
			runOnlyForDeploymentPostprocessing = 0;
		};
		CAD3119E1B01507300D905F7 /* Frameworks */ = {
			isa = PBXFrameworksBuildPhase;
			buildActionMask = 2147483647;
			files = (
				CA5EFC2F1D8EAC5A0020C8A8 /* RMActionController.framework in Frameworks */,
			);
			runOnlyForDeploymentPostprocessing = 0;
		};
		CAD311D81B01517800D905F7 /* Frameworks */ = {
			isa = PBXFrameworksBuildPhase;
			buildActionMask = 2147483647;
			files = (
			);
			runOnlyForDeploymentPostprocessing = 0;
		};
		CAE78B011B850F5600CBB165 /* Frameworks */ = {
			isa = PBXFrameworksBuildPhase;
			buildActionMask = 2147483647;
			files = (
				CA7ACAD01D8EB231006A339E /* RMActionController.framework in Frameworks */,
			);
			runOnlyForDeploymentPostprocessing = 0;
		};
/* End PBXFrameworksBuildPhase section */

/* Begin PBXGroup section */
		CA1015D71DE0E4F70034734D /* Categories */ = {
			isa = PBXGroup;
			children = (
				CA1015D81DE0E5080034734D /* RMActionController+Private.h */,
				CA1015DB1DE0E5340034734D /* RMAction+Private.h */,
			);
			name = Categories;
			sourceTree = "<group>";
		};
		CA1015E21DE10E3F0034734D /* Private */ = {
			isa = PBXGroup;
			children = (
				CA1373DE1DE0D50F002BFD04 /* RMActionController+Private.h */,
				CA1373DD1DE0D30E002BFD04 /* RMAction+Private.h */,
			);
			path = Private;
			sourceTree = "<group>";
		};
		CA1373C61DE0CE63002BFD04 /* Actions */ = {
			isa = PBXGroup;
			children = (
				CA1373C81DE0CE89002BFD04 /* RMAction.h */,
				CA1373C91DE0CE89002BFD04 /* RMAction.m */,
				CA1373CA1DE0CE89002BFD04 /* RMImageAction.h */,
				CA1373CB1DE0CE89002BFD04 /* RMImageAction.m */,
			);
			path = Actions;
			sourceTree = "<group>";
		};
		CA1373C71DE0CE6A002BFD04 /* Grouping Actions */ = {
			isa = PBXGroup;
			children = (
				CA1373D01DE0CE90002BFD04 /* RMGroupedAction.h */,
				CA1373D11DE0CE90002BFD04 /* RMGroupedAction.m */,
				CA1373D21DE0CE90002BFD04 /* RMScrollableGroupedAction.h */,
				CA1373D31DE0CE90002BFD04 /* RMScrollableGroupedAction.m */,
			);
			path = "Grouping Actions";
			sourceTree = "<group>";
		};
		CA1373D81DE0D1B6002BFD04 /* Categories */ = {
			isa = PBXGroup;
			children = (
				CA1373E31DE0D7AB002BFD04 /* NSProcessInfo+RMActionController.h */,
				CA1373E41DE0D7AB002BFD04 /* NSProcessInfo+RMActionController.m */,
				CA1373DF1DE0D5A7002BFD04 /* UIView+RMActionController.h */,
				CA1373E01DE0D5A7002BFD04 /* UIView+RMActionController.m */,
			);
			path = Categories;
			sourceTree = "<group>";
		};
		CA1373E91DE0D8C6002BFD04 /* Animations */ = {
			isa = PBXGroup;
			children = (
				CA1373EA1DE0D8F8002BFD04 /* RMActionControllerTransition.h */,
				CA1373EB1DE0D8F8002BFD04 /* RMActionControllerTransition.m */,
			);
			path = Animations;
			sourceTree = "<group>";
		};
		CA3FDC9C1B35E1A700590165 /* RMActionController-Demo-Tests */ = {
			isa = PBXGroup;
			children = (
				CA3FDCA61B35E1B200590165 /* RMActionTests.m */,
				CA3FDCA91B35E1B200590165 /* RMActionControllerTests.m */,
				CA1015DE1DE0E9490034734D /* RMImageActionTests.m */,
				CA3FDCA71B35E1B200590165 /* RMGroupedActionTests.m */,
				CA1015E01DE0EA8D0034734D /* RMScrollableGroupedActionTests.m */,
				CA3FDCA81B35E1B200590165 /* RMCustomViewActionControllerTests.m */,
				CA3FDCAA1B35E1B200590165 /* RMMapActionControllerTests.m */,
				CA1015D71DE0E4F70034734D /* Categories */,
				CA3FDC9D1B35E1A700590165 /* Supporting Files */,
			);
			path = "RMActionController-Demo-Tests";
			sourceTree = "<group>";
		};
		CA3FDC9D1B35E1A700590165 /* Supporting Files */ = {
			isa = PBXGroup;
			children = (
				CA3FDC9E1B35E1A700590165 /* Info.plist */,
			);
			name = "Supporting Files";
			sourceTree = "<group>";
		};
		CA55C7921B35E98E009CF003 /* RMActionController-Demo-UITests */ = {
			isa = PBXGroup;
			children = (
				CA55C79B1B35E996009CF003 /* RMActionControllerPresentationTests.m */,
				CA55C7951B35E98E009CF003 /* Info.plist */,
			);
			path = "RMActionController-Demo-UITests";
			sourceTree = "<group>";
		};
		CA5EFC291D8EAC5A0020C8A8 /* RMActionController */ = {
			isa = PBXGroup;
			children = (
				CA5EFC2A1D8EAC5A0020C8A8 /* RMActionController.h */,
				CA5EFC351D8EAC780020C8A8 /* RMActionController.m */,
				CA1373C61DE0CE63002BFD04 /* Actions */,
				CA1373C71DE0CE6A002BFD04 /* Grouping Actions */,
				CA1373D81DE0D1B6002BFD04 /* Categories */,
				CA1373E91DE0D8C6002BFD04 /* Animations */,
				CA1015E21DE10E3F0034734D /* Private */,
				CA5EFC2B1D8EAC5A0020C8A8 /* Info.plist */,
			);
			path = RMActionController;
			sourceTree = "<group>";
		};
		CA8763711B088E0F00885A0B /* SampleActionController */ = {
			isa = PBXGroup;
			children = (
				CA87636E1B088DDA00885A0B /* RMCustomViewActionController.h */,
				CA87636F1B088DDA00885A0B /* RMCustomViewActionController.m */,
				CAD311D01B01512600D905F7 /* RMMapActionController.h */,
				CAD311D11B01512600D905F7 /* RMMapActionController.m */,
			);
			name = SampleActionController;
			sourceTree = "<group>";
		};
		CAD311981B01507300D905F7 = {
			isa = PBXGroup;
			children = (
				CA5EFC291D8EAC5A0020C8A8 /* RMActionController */,
				CAD311A31B01507300D905F7 /* RMActionController-Demo */,
				CAE78B051B850F5600CBB165 /* RMActionController-SwiftDemo */,
				CAD311DC1B01517800D905F7 /* RMActionController-DemoExtension */,
				CA3FDC9C1B35E1A700590165 /* RMActionController-Demo-Tests */,
				CA55C7921B35E98E009CF003 /* RMActionController-Demo-UITests */,
				CAD311A21B01507300D905F7 /* Products */,
				EB53F23FA2CE8FBE334AEF40 /* Frameworks */,
			);
			sourceTree = "<group>";
		};
		CAD311A21B01507300D905F7 /* Products */ = {
			isa = PBXGroup;
			children = (
				CAD311A11B01507300D905F7 /* RMActionController-Demo.app */,
				CAD311DB1B01517800D905F7 /* RMActionController-DemoExtension.appex */,
				CA3FDC9B1B35E1A700590165 /* RMActionController-Demo-Tests.xctest */,
				CA55C7911B35E98E009CF003 /* RMActionController-Demo-UITests.xctest */,
				CAE78B041B850F5600CBB165 /* RMActionController-SwiftDemo.app */,
				CA5EFC281D8EAC5A0020C8A8 /* RMActionController.framework */,
			);
			name = Products;
			sourceTree = "<group>";
		};
		CAD311A31B01507300D905F7 /* RMActionController-Demo */ = {
			isa = PBXGroup;
			children = (
				CAD311B61B01507400D905F7 /* LaunchScreen.xib */,
				CAD311B11B01507400D905F7 /* Main.storyboard */,
				CAD311A81B01507300D905F7 /* RMAppDelegate.h */,
				CAD311A91B01507300D905F7 /* RMAppDelegate.m */,
				CAD311CD1B01511500D905F7 /* RMViewController.h */,
				CAD311CE1B01511500D905F7 /* RMViewController.m */,
				CA8763711B088E0F00885A0B /* SampleActionController */,
				CAD311B41B01507400D905F7 /* Images.xcassets */,
				CAD311A41B01507300D905F7 /* Supporting Files */,
			);
			path = "RMActionController-Demo";
			sourceTree = "<group>";
		};
		CAD311A41B01507300D905F7 /* Supporting Files */ = {
			isa = PBXGroup;
			children = (
				CAD311A51B01507300D905F7 /* Info.plist */,
				CAD311A61B01507300D905F7 /* main.m */,
			);
			name = "Supporting Files";
			sourceTree = "<group>";
		};
		CAD311DC1B01517800D905F7 /* RMActionController-DemoExtension */ = {
			isa = PBXGroup;
			children = (
				CAD311E21B01517800D905F7 /* MainInterface.storyboard */,
				CAD311DD1B01517800D905F7 /* Supporting Files */,
			);
			path = "RMActionController-DemoExtension";
			sourceTree = "<group>";
		};
		CAD311DD1B01517800D905F7 /* Supporting Files */ = {
			isa = PBXGroup;
			children = (
				CAD311DE1B01517800D905F7 /* Info.plist */,
			);
			name = "Supporting Files";
			sourceTree = "<group>";
		};
		CAE78B051B850F5600CBB165 /* RMActionController-SwiftDemo */ = {
			isa = PBXGroup;
			children = (
				CAE78B131B850F5600CBB165 /* LaunchScreen.xib */,
				CAE78B0E1B850F5600CBB165 /* Main.storyboard */,
				CAE78B081B850F5600CBB165 /* AppDelegate.swift */,
				CAE78B0A1B850F5600CBB165 /* ViewController.swift */,
				CAE78B281B85102700CBB165 /* SampleActionController */,
				CAE78B111B850F5600CBB165 /* Images.xcassets */,
				CAE78B061B850F5600CBB165 /* Supporting Files */,
			);
			path = "RMActionController-SwiftDemo";
			sourceTree = "<group>";
		};
		CAE78B061B850F5600CBB165 /* Supporting Files */ = {
			isa = PBXGroup;
			children = (
				CAE78B071B850F5600CBB165 /* Info.plist */,
			);
			name = "Supporting Files";
			sourceTree = "<group>";
		};
		CAE78B281B85102700CBB165 /* SampleActionController */ = {
			isa = PBXGroup;
			children = (
				CAE78B291B85107800CBB165 /* CustomViewActionController.swift */,
				CAE78B2B1B85108E00CBB165 /* MapActionController.swift */,
			);
			name = SampleActionController;
			sourceTree = "<group>";
		};
		EB53F23FA2CE8FBE334AEF40 /* Frameworks */ = {
			isa = PBXGroup;
			children = (
			);
			name = Frameworks;
			sourceTree = "<group>";
		};
/* End PBXGroup section */

/* Begin PBXHeadersBuildPhase section */
		CA5EFC251D8EAC5A0020C8A8 /* Headers */ = {
			isa = PBXHeadersBuildPhase;
			buildActionMask = 2147483647;
			files = (
				CA1373D61DE0CE90002BFD04 /* RMScrollableGroupedAction.h in Headers */,
				CA5EFC2C1D8EAC5A0020C8A8 /* RMActionController.h in Headers */,
				CA1373CE1DE0CE89002BFD04 /* RMImageAction.h in Headers */,
				CA1373D41DE0CE90002BFD04 /* RMGroupedAction.h in Headers */,
				CA1373CC1DE0CE89002BFD04 /* RMAction.h in Headers */,
			);
			runOnlyForDeploymentPostprocessing = 0;
		};
/* End PBXHeadersBuildPhase section */

/* Begin PBXNativeTarget section */
		CA3FDC9A1B35E1A700590165 /* RMActionController-Demo-Tests */ = {
			isa = PBXNativeTarget;
			buildConfigurationList = CA3FDCA31B35E1A800590165 /* Build configuration list for PBXNativeTarget "RMActionController-Demo-Tests" */;
			buildPhases = (
				CA3FDC971B35E1A700590165 /* Sources */,
				CA3FDC981B35E1A700590165 /* Frameworks */,
				CA3FDC991B35E1A700590165 /* Resources */,
			);
			buildRules = (
			);
			dependencies = (
				CA3FDCA21B35E1A800590165 /* PBXTargetDependency */,
			);
			name = "RMActionController-Demo-Tests";
			productName = "RMActionController-Demo-Tests";
			productReference = CA3FDC9B1B35E1A700590165 /* RMActionController-Demo-Tests.xctest */;
			productType = "com.apple.product-type.bundle.unit-test";
		};
		CA55C7901B35E98E009CF003 /* RMActionController-Demo-UITests */ = {
			isa = PBXNativeTarget;
			buildConfigurationList = CA55C79A1B35E98E009CF003 /* Build configuration list for PBXNativeTarget "RMActionController-Demo-UITests" */;
			buildPhases = (
				CA55C78D1B35E98E009CF003 /* Sources */,
				CA55C78E1B35E98E009CF003 /* Frameworks */,
				CA55C78F1B35E98E009CF003 /* Resources */,
			);
			buildRules = (
			);
			dependencies = (
				CA55C7971B35E98E009CF003 /* PBXTargetDependency */,
			);
			name = "RMActionController-Demo-UITests";
			productName = "RMActionController-Demo-UITests";
			productReference = CA55C7911B35E98E009CF003 /* RMActionController-Demo-UITests.xctest */;
			productType = "com.apple.product-type.bundle.ui-testing";
		};
		CA5EFC271D8EAC5A0020C8A8 /* RMActionController */ = {
			isa = PBXNativeTarget;
			buildConfigurationList = CA5EFC331D8EAC5A0020C8A8 /* Build configuration list for PBXNativeTarget "RMActionController" */;
			buildPhases = (
				CA5EFC231D8EAC5A0020C8A8 /* Sources */,
				CA5EFC241D8EAC5A0020C8A8 /* Frameworks */,
				CA5EFC251D8EAC5A0020C8A8 /* Headers */,
				CA5EFC261D8EAC5A0020C8A8 /* Resources */,
			);
			buildRules = (
			);
			dependencies = (
			);
			name = RMActionController;
			productName = RMActionController;
			productReference = CA5EFC281D8EAC5A0020C8A8 /* RMActionController.framework */;
			productType = "com.apple.product-type.framework";
		};
		CAD311A01B01507300D905F7 /* RMActionController-Demo */ = {
			isa = PBXNativeTarget;
			buildConfigurationList = CAD311C71B01507400D905F7 /* Build configuration list for PBXNativeTarget "RMActionController-Demo" */;
			buildPhases = (
				CAD3119D1B01507300D905F7 /* Sources */,
				CAD3119E1B01507300D905F7 /* Frameworks */,
				CAD3119F1B01507300D905F7 /* Resources */,
				CAD311EA1B01517800D905F7 /* Embed App Extensions */,
				CA5EFC341D8EAC5A0020C8A8 /* Embed Frameworks */,
			);
			buildRules = (
			);
			dependencies = (
				CAD311E51B01517800D905F7 /* PBXTargetDependency */,
				CA5EFC2E1D8EAC5A0020C8A8 /* PBXTargetDependency */,
			);
			name = "RMActionController-Demo";
			productName = "RMActionViewController-Demo";
			productReference = CAD311A11B01507300D905F7 /* RMActionController-Demo.app */;
			productType = "com.apple.product-type.application";
		};
		CAD311DA1B01517800D905F7 /* RMActionController-DemoExtension */ = {
			isa = PBXNativeTarget;
			buildConfigurationList = CAD311E71B01517800D905F7 /* Build configuration list for PBXNativeTarget "RMActionController-DemoExtension" */;
			buildPhases = (
				CAD311D71B01517800D905F7 /* Sources */,
				CAD311D81B01517800D905F7 /* Frameworks */,
				CAD311D91B01517800D905F7 /* Resources */,
			);
			buildRules = (
			);
			dependencies = (
				CA5EFC381D8EAC8C0020C8A8 /* PBXTargetDependency */,
			);
			name = "RMActionController-DemoExtension";
			productName = "RMActionViewController-DemoExtension";
			productReference = CAD311DB1B01517800D905F7 /* RMActionController-DemoExtension.appex */;
			productType = "com.apple.product-type.app-extension";
		};
		CAE78B031B850F5600CBB165 /* RMActionController-SwiftDemo */ = {
			isa = PBXNativeTarget;
			buildConfigurationList = CAE78B261B850F5600CBB165 /* Build configuration list for PBXNativeTarget "RMActionController-SwiftDemo" */;
			buildPhases = (
				CAE78B001B850F5600CBB165 /* Sources */,
				CAE78B011B850F5600CBB165 /* Frameworks */,
				CAE78B021B850F5600CBB165 /* Resources */,
				CA7ACAD31D8EB275006A339E /* Embed Frameworks */,
			);
			buildRules = (
			);
			dependencies = (
				CA7ACACD1D8EB215006A339E /* PBXTargetDependency */,
			);
			name = "RMActionController-SwiftDemo";
			productName = "RMActionController-SwiftDemo";
			productReference = CAE78B041B850F5600CBB165 /* RMActionController-SwiftDemo.app */;
			productType = "com.apple.product-type.application";
		};
/* End PBXNativeTarget section */

/* Begin PBXProject section */
		CAD311991B01507300D905F7 /* Project object */ = {
			isa = PBXProject;
			attributes = {
				LastSwiftUpdateCheck = 0700;
				LastUpgradeCheck = 0900;
				ORGANIZATIONNAME = "Roland Moers";
				TargetAttributes = {
					CA3FDC9A1B35E1A700590165 = {
						CreatedOnToolsVersion = 6.3.2;
						TestTargetID = CAD311A01B01507300D905F7;
					};
					CA55C7901B35E98E009CF003 = {
						CreatedOnToolsVersion = 7.0;
						TestTargetID = CAD311A01B01507300D905F7;
					};
					CA5EFC271D8EAC5A0020C8A8 = {
						CreatedOnToolsVersion = 8.0;
						ProvisioningStyle = Automatic;
					};
					CAD311A01B01507300D905F7 = {
						CreatedOnToolsVersion = 6.3.1;
					};
					CAD311DA1B01517800D905F7 = {
						CreatedOnToolsVersion = 6.3.1;
					};
					CAE78B031B850F5600CBB165 = {
						CreatedOnToolsVersion = 6.4;
						LastSwiftMigration = 0900;
					};
				};
			};
			buildConfigurationList = CAD3119C1B01507300D905F7 /* Build configuration list for PBXProject "RMActionController-Demo" */;
			compatibilityVersion = "Xcode 3.2";
			developmentRegion = English;
			hasScannedForEncodings = 0;
			knownRegions = (
				en,
				Base,
			);
			mainGroup = CAD311981B01507300D905F7;
			productRefGroup = CAD311A21B01507300D905F7 /* Products */;
			projectDirPath = "";
			projectRoot = "";
			targets = (
				CAD311A01B01507300D905F7 /* RMActionController-Demo */,
				CAE78B031B850F5600CBB165 /* RMActionController-SwiftDemo */,
				CAD311DA1B01517800D905F7 /* RMActionController-DemoExtension */,
				CA3FDC9A1B35E1A700590165 /* RMActionController-Demo-Tests */,
				CA55C7901B35E98E009CF003 /* RMActionController-Demo-UITests */,
				CA5EFC271D8EAC5A0020C8A8 /* RMActionController */,
			);
		};
/* End PBXProject section */

/* Begin PBXResourcesBuildPhase section */
		CA3FDC991B35E1A700590165 /* Resources */ = {
			isa = PBXResourcesBuildPhase;
			buildActionMask = 2147483647;
			files = (
			);
			runOnlyForDeploymentPostprocessing = 0;
		};
		CA55C78F1B35E98E009CF003 /* Resources */ = {
			isa = PBXResourcesBuildPhase;
			buildActionMask = 2147483647;
			files = (
			);
			runOnlyForDeploymentPostprocessing = 0;
		};
		CA5EFC261D8EAC5A0020C8A8 /* Resources */ = {
			isa = PBXResourcesBuildPhase;
			buildActionMask = 2147483647;
			files = (
			);
			runOnlyForDeploymentPostprocessing = 0;
		};
		CAD3119F1B01507300D905F7 /* Resources */ = {
			isa = PBXResourcesBuildPhase;
			buildActionMask = 2147483647;
			files = (
				CAD311B31B01507400D905F7 /* Main.storyboard in Resources */,
				CAD311B81B01507400D905F7 /* LaunchScreen.xib in Resources */,
				CAD311B51B01507400D905F7 /* Images.xcassets in Resources */,
			);
			runOnlyForDeploymentPostprocessing = 0;
		};
		CAD311D91B01517800D905F7 /* Resources */ = {
			isa = PBXResourcesBuildPhase;
			buildActionMask = 2147483647;
			files = (
				CAD311E31B01517800D905F7 /* MainInterface.storyboard in Resources */,
			);
			runOnlyForDeploymentPostprocessing = 0;
		};
		CAE78B021B850F5600CBB165 /* Resources */ = {
			isa = PBXResourcesBuildPhase;
			buildActionMask = 2147483647;
			files = (
				CAE78B101B850F5600CBB165 /* Main.storyboard in Resources */,
				CAE78B151B850F5600CBB165 /* LaunchScreen.xib in Resources */,
				CAE78B121B850F5600CBB165 /* Images.xcassets in Resources */,
			);
			runOnlyForDeploymentPostprocessing = 0;
		};
/* End PBXResourcesBuildPhase section */

/* Begin PBXSourcesBuildPhase section */
		CA3FDC971B35E1A700590165 /* Sources */ = {
			isa = PBXSourcesBuildPhase;
			buildActionMask = 2147483647;
			files = (
				CA3FDCAD1B35E1B200590165 /* RMCustomViewActionControllerTests.m in Sources */,
				CA3FDCAE1B35E1B200590165 /* RMActionControllerTests.m in Sources */,
				CA3FDCAB1B35E1B200590165 /* RMActionTests.m in Sources */,
				CA3FDCAF1B35E1B200590165 /* RMMapActionControllerTests.m in Sources */,
				CA1015DF1DE0E9490034734D /* RMImageActionTests.m in Sources */,
				CA3FDCAC1B35E1B200590165 /* RMGroupedActionTests.m in Sources */,
				CA1015E11DE0EA8D0034734D /* RMScrollableGroupedActionTests.m in Sources */,
			);
			runOnlyForDeploymentPostprocessing = 0;
		};
		CA55C78D1B35E98E009CF003 /* Sources */ = {
			isa = PBXSourcesBuildPhase;
			buildActionMask = 2147483647;
			files = (
				CA55C79C1B35E996009CF003 /* RMActionControllerPresentationTests.m in Sources */,
			);
			runOnlyForDeploymentPostprocessing = 0;
		};
		CA5EFC231D8EAC5A0020C8A8 /* Sources */ = {
			isa = PBXSourcesBuildPhase;
			buildActionMask = 2147483647;
			files = (
				CA1373D71DE0CE90002BFD04 /* RMScrollableGroupedAction.m in Sources */,
				CA1373E61DE0D7AB002BFD04 /* NSProcessInfo+RMActionController.m in Sources */,
				CA1373CD1DE0CE89002BFD04 /* RMAction.m in Sources */,
				CA1373CF1DE0CE89002BFD04 /* RMImageAction.m in Sources */,
				CA5EFC361D8EAC780020C8A8 /* RMActionController.m in Sources */,
				CA1373ED1DE0D8F8002BFD04 /* RMActionControllerTransition.m in Sources */,
				CA1373E21DE0D5A7002BFD04 /* UIView+RMActionController.m in Sources */,
				CA1373D51DE0CE90002BFD04 /* RMGroupedAction.m in Sources */,
			);
			runOnlyForDeploymentPostprocessing = 0;
		};
		CAD3119D1B01507300D905F7 /* Sources */ = {
			isa = PBXSourcesBuildPhase;
			buildActionMask = 2147483647;
			files = (
				CA8763701B088DDA00885A0B /* RMCustomViewActionController.m in Sources */,
				CAD311AA1B01507300D905F7 /* RMAppDelegate.m in Sources */,
				CAD311D21B01512600D905F7 /* RMMapActionController.m in Sources */,
				CAD311A71B01507300D905F7 /* main.m in Sources */,
				CAD311CF1B01511500D905F7 /* RMViewController.m in Sources */,
			);
			runOnlyForDeploymentPostprocessing = 0;
		};
		CAD311D71B01517800D905F7 /* Sources */ = {
			isa = PBXSourcesBuildPhase;
			buildActionMask = 2147483647;
			files = (
				CAD311EC1B0151DB00D905F7 /* RMMapActionController.m in Sources */,
			);
			runOnlyForDeploymentPostprocessing = 0;
		};
		CAE78B001B850F5600CBB165 /* Sources */ = {
			isa = PBXSourcesBuildPhase;
			buildActionMask = 2147483647;
			files = (
				CAE78B2C1B85108E00CBB165 /* MapActionController.swift in Sources */,
				CAE78B0B1B850F5600CBB165 /* ViewController.swift in Sources */,
				CAE78B091B850F5600CBB165 /* AppDelegate.swift in Sources */,
				CAE78B2A1B85107800CBB165 /* CustomViewActionController.swift in Sources */,
			);
			runOnlyForDeploymentPostprocessing = 0;
		};
/* End PBXSourcesBuildPhase section */

/* Begin PBXTargetDependency section */
		CA3FDCA21B35E1A800590165 /* PBXTargetDependency */ = {
			isa = PBXTargetDependency;
			target = CAD311A01B01507300D905F7 /* RMActionController-Demo */;
			targetProxy = CA3FDCA11B35E1A800590165 /* PBXContainerItemProxy */;
		};
		CA55C7971B35E98E009CF003 /* PBXTargetDependency */ = {
			isa = PBXTargetDependency;
			target = CAD311A01B01507300D905F7 /* RMActionController-Demo */;
			targetProxy = CA55C7961B35E98E009CF003 /* PBXContainerItemProxy */;
		};
		CA5EFC2E1D8EAC5A0020C8A8 /* PBXTargetDependency */ = {
			isa = PBXTargetDependency;
			target = CA5EFC271D8EAC5A0020C8A8 /* RMActionController */;
			targetProxy = CA5EFC2D1D8EAC5A0020C8A8 /* PBXContainerItemProxy */;
		};
		CA5EFC381D8EAC8C0020C8A8 /* PBXTargetDependency */ = {
			isa = PBXTargetDependency;
			target = CA5EFC271D8EAC5A0020C8A8 /* RMActionController */;
			targetProxy = CA5EFC371D8EAC8C0020C8A8 /* PBXContainerItemProxy */;
		};
		CA7ACACD1D8EB215006A339E /* PBXTargetDependency */ = {
			isa = PBXTargetDependency;
			target = CA5EFC271D8EAC5A0020C8A8 /* RMActionController */;
			targetProxy = CA7ACACC1D8EB215006A339E /* PBXContainerItemProxy */;
		};
		CAD311E51B01517800D905F7 /* PBXTargetDependency */ = {
			isa = PBXTargetDependency;
			target = CAD311DA1B01517800D905F7 /* RMActionController-DemoExtension */;
			targetProxy = CAD311E41B01517800D905F7 /* PBXContainerItemProxy */;
		};
/* End PBXTargetDependency section */

/* Begin PBXVariantGroup section */
		CAD311B11B01507400D905F7 /* Main.storyboard */ = {
			isa = PBXVariantGroup;
			children = (
				CAD311B21B01507400D905F7 /* Base */,
			);
			name = Main.storyboard;
			sourceTree = "<group>";
		};
		CAD311B61B01507400D905F7 /* LaunchScreen.xib */ = {
			isa = PBXVariantGroup;
			children = (
				CAD311B71B01507400D905F7 /* Base */,
			);
			name = LaunchScreen.xib;
			sourceTree = "<group>";
		};
		CAE78B0E1B850F5600CBB165 /* Main.storyboard */ = {
			isa = PBXVariantGroup;
			children = (
				CAE78B0F1B850F5600CBB165 /* Base */,
			);
			name = Main.storyboard;
			sourceTree = "<group>";
		};
		CAE78B131B850F5600CBB165 /* LaunchScreen.xib */ = {
			isa = PBXVariantGroup;
			children = (
				CAE78B141B850F5600CBB165 /* Base */,
			);
			name = LaunchScreen.xib;
			sourceTree = "<group>";
		};
/* End PBXVariantGroup section */

/* Begin XCBuildConfiguration section */
		CA3FDCA41B35E1A800590165 /* Debug */ = {
			isa = XCBuildConfiguration;
			buildSettings = {
				BUNDLE_LOADER = "$(TEST_HOST)";
				GCC_PREPROCESSOR_DEFINITIONS = (
					"DEBUG=1",
					"$(inherited)",
				);
				INFOPLIST_FILE = "RMActionController-Demo-Tests/Info.plist";
				IPHONEOS_DEPLOYMENT_TARGET = 8.3;
				LD_RUNPATH_SEARCH_PATHS = "$(inherited) @executable_path/Frameworks @loader_path/Frameworks";
				PRODUCT_BUNDLE_IDENTIFIER = "de.cooperrs.$(PRODUCT_NAME:rfc1034identifier)";
				PRODUCT_NAME = "$(TARGET_NAME)";
				TEST_HOST = "$(BUILT_PRODUCTS_DIR)/RMActionController-Demo.app/RMActionController-Demo";
			};
			name = Debug;
		};
		CA3FDCA51B35E1A800590165 /* Release */ = {
			isa = XCBuildConfiguration;
			buildSettings = {
				BUNDLE_LOADER = "$(TEST_HOST)";
				INFOPLIST_FILE = "RMActionController-Demo-Tests/Info.plist";
				IPHONEOS_DEPLOYMENT_TARGET = 8.3;
				LD_RUNPATH_SEARCH_PATHS = "$(inherited) @executable_path/Frameworks @loader_path/Frameworks";
				PRODUCT_BUNDLE_IDENTIFIER = "de.cooperrs.$(PRODUCT_NAME:rfc1034identifier)";
				PRODUCT_NAME = "$(TARGET_NAME)";
				TEST_HOST = "$(BUILT_PRODUCTS_DIR)/RMActionController-Demo.app/RMActionController-Demo";
			};
			name = Release;
		};
		CA55C7981B35E98E009CF003 /* Debug */ = {
			isa = XCBuildConfiguration;
			buildSettings = {
				DEBUG_INFORMATION_FORMAT = dwarf;
				ENABLE_TESTABILITY = YES;
				INFOPLIST_FILE = "RMActionController-Demo-UITests/Info.plist";
				IPHONEOS_DEPLOYMENT_TARGET = 9.0;
				LD_RUNPATH_SEARCH_PATHS = "$(inherited) @executable_path/Frameworks @loader_path/Frameworks";
				PRODUCT_BUNDLE_IDENTIFIER = "de.cooperrs.RMActionController-Demo-UITests";
				PRODUCT_NAME = "$(TARGET_NAME)";
				TEST_TARGET_NAME = "RMActionController-Demo";
				USES_XCTRUNNER = YES;
			};
			name = Debug;
		};
		CA55C7991B35E98E009CF003 /* Release */ = {
			isa = XCBuildConfiguration;
			buildSettings = {
				INFOPLIST_FILE = "RMActionController-Demo-UITests/Info.plist";
				IPHONEOS_DEPLOYMENT_TARGET = 9.0;
				LD_RUNPATH_SEARCH_PATHS = "$(inherited) @executable_path/Frameworks @loader_path/Frameworks";
				PRODUCT_BUNDLE_IDENTIFIER = "de.cooperrs.RMActionController-Demo-UITests";
				PRODUCT_NAME = "$(TARGET_NAME)";
				TEST_TARGET_NAME = "RMActionController-Demo";
				USES_XCTRUNNER = YES;
			};
			name = Release;
		};
		CA5EFC311D8EAC5A0020C8A8 /* Debug */ = {
			isa = XCBuildConfiguration;
			buildSettings = {
				APPLICATION_EXTENSION_API_ONLY = YES;
				CLANG_ANALYZER_NONNULL = YES;
				CLANG_WARN_DOCUMENTATION_COMMENTS = YES;
				CLANG_WARN_INFINITE_RECURSION = YES;
				CLANG_WARN_SUSPICIOUS_MOVES = YES;
				CODE_SIGN_IDENTITY = "";
				CURRENT_PROJECT_VERSION = 1;
				DEBUG_INFORMATION_FORMAT = dwarf;
				DEFINES_MODULE = YES;
				DYLIB_COMPATIBILITY_VERSION = 1;
				DYLIB_CURRENT_VERSION = 1;
				DYLIB_INSTALL_NAME_BASE = "@rpath";
				INFOPLIST_FILE = RMActionController/Info.plist;
				INSTALL_PATH = "$(LOCAL_LIBRARY_DIR)/Frameworks";
				IPHONEOS_DEPLOYMENT_TARGET = 10.0;
				LD_RUNPATH_SEARCH_PATHS = "$(inherited) @executable_path/Frameworks @loader_path/Frameworks";
				PRODUCT_BUNDLE_IDENTIFIER = de.cooperrs.RMActionController;
				PRODUCT_NAME = "$(TARGET_NAME)";
				SKIP_INSTALL = YES;
				VERSIONING_SYSTEM = "apple-generic";
				VERSION_INFO_PREFIX = "";
			};
			name = Debug;
		};
		CA5EFC321D8EAC5A0020C8A8 /* Release */ = {
			isa = XCBuildConfiguration;
			buildSettings = {
				APPLICATION_EXTENSION_API_ONLY = YES;
				CLANG_ANALYZER_NONNULL = YES;
				CLANG_WARN_DOCUMENTATION_COMMENTS = YES;
				CLANG_WARN_INFINITE_RECURSION = YES;
				CLANG_WARN_SUSPICIOUS_MOVES = YES;
				CODE_SIGN_IDENTITY = "";
				CURRENT_PROJECT_VERSION = 1;
				DEFINES_MODULE = YES;
				DYLIB_COMPATIBILITY_VERSION = 1;
				DYLIB_CURRENT_VERSION = 1;
				DYLIB_INSTALL_NAME_BASE = "@rpath";
				INFOPLIST_FILE = RMActionController/Info.plist;
				INSTALL_PATH = "$(LOCAL_LIBRARY_DIR)/Frameworks";
				IPHONEOS_DEPLOYMENT_TARGET = 10.0;
				LD_RUNPATH_SEARCH_PATHS = "$(inherited) @executable_path/Frameworks @loader_path/Frameworks";
				PRODUCT_BUNDLE_IDENTIFIER = de.cooperrs.RMActionController;
				PRODUCT_NAME = "$(TARGET_NAME)";
				SKIP_INSTALL = YES;
				VERSIONING_SYSTEM = "apple-generic";
				VERSION_INFO_PREFIX = "";
			};
			name = Release;
		};
		CAD311C51B01507400D905F7 /* Debug */ = {
			isa = XCBuildConfiguration;
			buildSettings = {
				ALWAYS_SEARCH_USER_PATHS = NO;
				CLANG_CXX_LANGUAGE_STANDARD = "gnu++0x";
				CLANG_CXX_LIBRARY = "libc++";
				CLANG_ENABLE_MODULES = YES;
				CLANG_ENABLE_OBJC_ARC = YES;
				CLANG_WARN_BLOCK_CAPTURE_AUTORELEASING = YES;
				CLANG_WARN_BOOL_CONVERSION = YES;
				CLANG_WARN_COMMA = YES;
				CLANG_WARN_CONSTANT_CONVERSION = YES;
				CLANG_WARN_DIRECT_OBJC_ISA_USAGE = YES_ERROR;
				CLANG_WARN_EMPTY_BODY = YES;
				CLANG_WARN_ENUM_CONVERSION = YES;
				CLANG_WARN_INFINITE_RECURSION = YES;
				CLANG_WARN_INT_CONVERSION = YES;
				CLANG_WARN_NON_LITERAL_NULL_CONVERSION = YES;
				CLANG_WARN_OBJC_LITERAL_CONVERSION = YES;
				CLANG_WARN_OBJC_ROOT_CLASS = YES_ERROR;
				CLANG_WARN_RANGE_LOOP_ANALYSIS = YES;
				CLANG_WARN_STRICT_PROTOTYPES = YES;
				CLANG_WARN_SUSPICIOUS_MOVE = YES;
				CLANG_WARN_UNREACHABLE_CODE = YES;
				CLANG_WARN__DUPLICATE_METHOD_MATCH = YES;
				"CODE_SIGN_IDENTITY[sdk=iphoneos*]" = "iPhone Developer";
				COPY_PHASE_STRIP = NO;
				DEBUG_INFORMATION_FORMAT = "dwarf-with-dsym";
				ENABLE_STRICT_OBJC_MSGSEND = YES;
				ENABLE_TESTABILITY = YES;
				GCC_C_LANGUAGE_STANDARD = gnu99;
				GCC_DYNAMIC_NO_PIC = NO;
				GCC_NO_COMMON_BLOCKS = YES;
				GCC_OPTIMIZATION_LEVEL = 0;
				GCC_PREPROCESSOR_DEFINITIONS = (
					"DEBUG=1",
					"$(inherited)",
				);
				GCC_SYMBOLS_PRIVATE_EXTERN = NO;
				GCC_WARN_64_TO_32_BIT_CONVERSION = YES;
				GCC_WARN_ABOUT_RETURN_TYPE = YES_ERROR;
				GCC_WARN_UNDECLARED_SELECTOR = YES;
				GCC_WARN_UNINITIALIZED_AUTOS = YES_AGGRESSIVE;
				GCC_WARN_UNUSED_FUNCTION = YES;
				GCC_WARN_UNUSED_VARIABLE = YES;
				IPHONEOS_DEPLOYMENT_TARGET = 8.0;
				MTL_ENABLE_DEBUG_INFO = YES;
				ONLY_ACTIVE_ARCH = YES;
				SDKROOT = iphoneos;
				TARGETED_DEVICE_FAMILY = "1,2";
			};
			name = Debug;
		};
		CAD311C61B01507400D905F7 /* Release */ = {
			isa = XCBuildConfiguration;
			buildSettings = {
				ALWAYS_SEARCH_USER_PATHS = NO;
				CLANG_CXX_LANGUAGE_STANDARD = "gnu++0x";
				CLANG_CXX_LIBRARY = "libc++";
				CLANG_ENABLE_MODULES = YES;
				CLANG_ENABLE_OBJC_ARC = YES;
				CLANG_WARN_BLOCK_CAPTURE_AUTORELEASING = YES;
				CLANG_WARN_BOOL_CONVERSION = YES;
				CLANG_WARN_COMMA = YES;
				CLANG_WARN_CONSTANT_CONVERSION = YES;
				CLANG_WARN_DIRECT_OBJC_ISA_USAGE = YES_ERROR;
				CLANG_WARN_EMPTY_BODY = YES;
				CLANG_WARN_ENUM_CONVERSION = YES;
				CLANG_WARN_INFINITE_RECURSION = YES;
				CLANG_WARN_INT_CONVERSION = YES;
				CLANG_WARN_NON_LITERAL_NULL_CONVERSION = YES;
				CLANG_WARN_OBJC_LITERAL_CONVERSION = YES;
				CLANG_WARN_OBJC_ROOT_CLASS = YES_ERROR;
				CLANG_WARN_RANGE_LOOP_ANALYSIS = YES;
				CLANG_WARN_STRICT_PROTOTYPES = YES;
				CLANG_WARN_SUSPICIOUS_MOVE = YES;
				CLANG_WARN_UNREACHABLE_CODE = YES;
				CLANG_WARN__DUPLICATE_METHOD_MATCH = YES;
				"CODE_SIGN_IDENTITY[sdk=iphoneos*]" = "iPhone Developer";
				COPY_PHASE_STRIP = NO;
				DEBUG_INFORMATION_FORMAT = "dwarf-with-dsym";
				ENABLE_NS_ASSERTIONS = NO;
				ENABLE_STRICT_OBJC_MSGSEND = YES;
				GCC_C_LANGUAGE_STANDARD = gnu99;
				GCC_NO_COMMON_BLOCKS = YES;
				GCC_WARN_64_TO_32_BIT_CONVERSION = YES;
				GCC_WARN_ABOUT_RETURN_TYPE = YES_ERROR;
				GCC_WARN_UNDECLARED_SELECTOR = YES;
				GCC_WARN_UNINITIALIZED_AUTOS = YES_AGGRESSIVE;
				GCC_WARN_UNUSED_FUNCTION = YES;
				GCC_WARN_UNUSED_VARIABLE = YES;
				IPHONEOS_DEPLOYMENT_TARGET = 8.0;
				MTL_ENABLE_DEBUG_INFO = NO;
				SDKROOT = iphoneos;
				SWIFT_OPTIMIZATION_LEVEL = "-Owholemodule";
				TARGETED_DEVICE_FAMILY = "1,2";
				VALIDATE_PRODUCT = YES;
			};
			name = Release;
		};
		CAD311C81B01507400D905F7 /* Debug */ = {
			isa = XCBuildConfiguration;
			buildSettings = {
				ASSETCATALOG_COMPILER_APPICON_NAME = AppIcon;
				INFOPLIST_FILE = "RMActionController-Demo/Info.plist";
				LD_RUNPATH_SEARCH_PATHS = "$(inherited) @executable_path/Frameworks";
				PRODUCT_BUNDLE_IDENTIFIER = "de.cooperrs.$(PRODUCT_NAME:rfc1034identifier)";
				PRODUCT_NAME = "$(TARGET_NAME)";
			};
			name = Debug;
		};
		CAD311C91B01507400D905F7 /* Release */ = {
			isa = XCBuildConfiguration;
			buildSettings = {
				ASSETCATALOG_COMPILER_APPICON_NAME = AppIcon;
				INFOPLIST_FILE = "RMActionController-Demo/Info.plist";
				LD_RUNPATH_SEARCH_PATHS = "$(inherited) @executable_path/Frameworks";
				PRODUCT_BUNDLE_IDENTIFIER = "de.cooperrs.$(PRODUCT_NAME:rfc1034identifier)";
				PRODUCT_NAME = "$(TARGET_NAME)";
			};
			name = Release;
		};
		CAD311E81B01517800D905F7 /* Debug */ = {
			isa = XCBuildConfiguration;
			buildSettings = {
				GCC_PREPROCESSOR_DEFINITIONS = (
					"DEBUG=1",
					"$(inherited)",
				);
				INFOPLIST_FILE = "RMActionController-DemoExtension/Info.plist";
				LD_RUNPATH_SEARCH_PATHS = "$(inherited) @executable_path/Frameworks @executable_path/../../Frameworks";
				PRODUCT_BUNDLE_IDENTIFIER = "de.cooperrs.RMActionController-Demo.$(PRODUCT_NAME:rfc1034identifier)";
				PRODUCT_NAME = "$(TARGET_NAME)";
				SKIP_INSTALL = YES;
			};
			name = Debug;
		};
		CAD311E91B01517800D905F7 /* Release */ = {
			isa = XCBuildConfiguration;
			buildSettings = {
				INFOPLIST_FILE = "RMActionController-DemoExtension/Info.plist";
				LD_RUNPATH_SEARCH_PATHS = "$(inherited) @executable_path/Frameworks @executable_path/../../Frameworks";
				PRODUCT_BUNDLE_IDENTIFIER = "de.cooperrs.RMActionController-Demo.$(PRODUCT_NAME:rfc1034identifier)";
				PRODUCT_NAME = "$(TARGET_NAME)";
				SKIP_INSTALL = YES;
			};
			name = Release;
		};
		CAE78B221B850F5600CBB165 /* Debug */ = {
			isa = XCBuildConfiguration;
			buildSettings = {
				ASSETCATALOG_COMPILER_APPICON_NAME = AppIcon;
				GCC_PREPROCESSOR_DEFINITIONS = (
					"DEBUG=1",
					"$(inherited)",
				);
				INFOPLIST_FILE = "RMActionController-SwiftDemo/Info.plist";
				LD_RUNPATH_SEARCH_PATHS = "$(inherited) @executable_path/Frameworks";
				PRODUCT_BUNDLE_IDENTIFIER = "de.cooperrs.$(PRODUCT_NAME:rfc1034identifier)";
				PRODUCT_NAME = "$(TARGET_NAME)";
				SWIFT_OPTIMIZATION_LEVEL = "-Onone";
				SWIFT_VERSION = 4.0;
			};
			name = Debug;
		};
		CAE78B231B850F5600CBB165 /* Release */ = {
			isa = XCBuildConfiguration;
			buildSettings = {
				ASSETCATALOG_COMPILER_APPICON_NAME = AppIcon;
				INFOPLIST_FILE = "RMActionController-SwiftDemo/Info.plist";
				LD_RUNPATH_SEARCH_PATHS = "$(inherited) @executable_path/Frameworks";
				PRODUCT_BUNDLE_IDENTIFIER = "de.cooperrs.$(PRODUCT_NAME:rfc1034identifier)";
				PRODUCT_NAME = "$(TARGET_NAME)";
				SWIFT_VERSION = 4.0;
			};
			name = Release;
		};
/* End XCBuildConfiguration section */

/* Begin XCConfigurationList section */
		CA3FDCA31B35E1A800590165 /* Build configuration list for PBXNativeTarget "RMActionController-Demo-Tests" */ = {
			isa = XCConfigurationList;
			buildConfigurations = (
				CA3FDCA41B35E1A800590165 /* Debug */,
				CA3FDCA51B35E1A800590165 /* Release */,
			);
			defaultConfigurationIsVisible = 0;
			defaultConfigurationName = Release;
		};
		CA55C79A1B35E98E009CF003 /* Build configuration list for PBXNativeTarget "RMActionController-Demo-UITests" */ = {
			isa = XCConfigurationList;
			buildConfigurations = (
				CA55C7981B35E98E009CF003 /* Debug */,
				CA55C7991B35E98E009CF003 /* Release */,
			);
			defaultConfigurationIsVisible = 0;
			defaultConfigurationName = Release;
		};
		CA5EFC331D8EAC5A0020C8A8 /* Build configuration list for PBXNativeTarget "RMActionController" */ = {
			isa = XCConfigurationList;
			buildConfigurations = (
				CA5EFC311D8EAC5A0020C8A8 /* Debug */,
				CA5EFC321D8EAC5A0020C8A8 /* Release */,
			);
			defaultConfigurationIsVisible = 0;
			defaultConfigurationName = Release;
		};
		CAD3119C1B01507300D905F7 /* Build configuration list for PBXProject "RMActionController-Demo" */ = {
			isa = XCConfigurationList;
			buildConfigurations = (
				CAD311C51B01507400D905F7 /* Debug */,
				CAD311C61B01507400D905F7 /* Release */,
			);
			defaultConfigurationIsVisible = 0;
			defaultConfigurationName = Release;
		};
		CAD311C71B01507400D905F7 /* Build configuration list for PBXNativeTarget "RMActionController-Demo" */ = {
			isa = XCConfigurationList;
			buildConfigurations = (
				CAD311C81B01507400D905F7 /* Debug */,
				CAD311C91B01507400D905F7 /* Release */,
			);
			defaultConfigurationIsVisible = 0;
			defaultConfigurationName = Release;
		};
		CAD311E71B01517800D905F7 /* Build configuration list for PBXNativeTarget "RMActionController-DemoExtension" */ = {
			isa = XCConfigurationList;
			buildConfigurations = (
				CAD311E81B01517800D905F7 /* Debug */,
				CAD311E91B01517800D905F7 /* Release */,
			);
			defaultConfigurationIsVisible = 0;
			defaultConfigurationName = Release;
		};
		CAE78B261B850F5600CBB165 /* Build configuration list for PBXNativeTarget "RMActionController-SwiftDemo" */ = {
			isa = XCConfigurationList;
			buildConfigurations = (
				CAE78B221B850F5600CBB165 /* Debug */,
				CAE78B231B850F5600CBB165 /* Release */,
			);
			defaultConfigurationIsVisible = 0;
			defaultConfigurationName = Release;
		};
/* End XCConfigurationList section */
	};
	rootObject = CAD311991B01507300D905F7 /* Project object */;
}
